<?xml version="1.0" encoding="UTF-8"?>
<!DOCTYPE plist PUBLIC "-//Apple//DTD PLIST 1.0//EN" "http://www.apple.com/DTDs/PropertyList-1.0.dtd">
<plist version="1.0">
<dict>
	<key>archiveVersion</key>
	<string>1</string>
	<key>classes</key>
	<dict/>
	<key>objectVersion</key>
	<string>56</string>
	<key>objects</key>
	<dict>
		<key>5D9D3893CEC5495EA60083AC</key>
		<dict>
			<key>isa</key>
			<string>PBXProject</string>
			<key>buildConfigurationList</key>
			<string>B5959798158A4534B61D7810</string>
			<key>compatibilityVersion</key>
			<string>Xcode 14.0</string>
			<key>mainGroup</key>
			<string>E02916AFC4984C628191A084</string>
			<key>productRefGroup</key>
			<string>649E9A0AEE7A4CE697E0E764</string>
			<key>projectDirPath</key>
			<string></string>
			<key>projectRoot</key>
			<string></string>
			<key>targets</key>
			<array>
				<string>75B9CD8D29C545CBBD1B5E82</string>
				<string>F7C4C413E7EA48DAAAD7778C</string>
			</array>
			<key>developmentRegion</key>
			<string>en</string>
			<key>hasScannedForEncodings</key>
			<true/>
			<key>knownRegions</key>
			<array>
				<string>en</string>
				<string>Base</string>
			</array>
		</dict>
		<key>E02916AFC4984C628191A084</key>
		<dict>
			<key>isa</key>
			<string>PBXGroup</string>
			<key>children</key>
			<array>
				<string>86F6E14100B0498DA1F60F69</string>
				<string>98E1FCA5E2D24F9C92D7EC16</string>
				<string>649E9A0AEE7A4CE697E0E764</string>
			</array>
			<key>sourceTree</key>
			<string>&lt;group&gt;</string>
		</dict>
		<key>86F6E14100B0498DA1F60F69</key>
		<dict>
			<key>isa</key>
			<string>PBXGroup</string>
			<key>children</key>
			<array>
				<string>55DC4FA5F8F4485594FF3DB9</string>
				<string>D52D68997A1640A5AE591153</string>
				<string>93901C6F69D74A1D9CE87CB4</string>
				<string>80693C2D2CE14EB4A2FF4A06</string>
			</array>
			<key>name</key>
			<string>Sources</string>
			<key>sourceTree</key>
			<string>&lt;group&gt;</string>
		</dict>
		<key>98E1FCA5E2D24F9C92D7EC16</key>
		<dict>
			<key>isa</key>
			<string>PBXGroup</string>
			<key>children</key>
			<array>
				<string>38990609891946E085984EB7</string>
			</array>
			<key>name</key>
			<string>Frameworks</string>
			<key>sourceTree</key>
			<string>&lt;group&gt;</string>
		</dict>
		<key>649E9A0AEE7A4CE697E0E764</key>
		<dict>
			<key>isa</key>
			<string>PBXGroup</string>
			<key>children</key>
			<array>
				<string>10345211B25840C1B2CED382</string>
				<string>1486ED61E01F459EB8CF4DB9</string>
			</array>
			<key>name</key>
			<string>Products</string>
			<key>sourceTree</key>
			<string>&lt;group&gt;</string>
		</dict>
		<key>55DC4FA5F8F4485594FF3DB9</key>
		<dict>
			<key>isa</key>
			<string>PBXFileReference</string>
			<key>lastKnownFileType</key>
			<string>sourcecode.c.objc</string>
			<key>path</key>
			<string>main.m</string>
			<key>sourceTree</key>
			<string>&lt;group&gt;</string>
		</dict>
		<key>D52D68997A1640A5AE591153</key>
		<dict>
			<key>isa</key>
			<string>PBXFileReference</string>
			<key>lastKnownFileType</key>
			<string>text.plist.xml</string>
			<key>path</key>
			<string>CoverageHost-Info.plist</string>
			<key>sourceTree</key>
			<string>&lt;group&gt;</string>
		</dict>
		<key>10345211B25840C1B2CED382</key>
		<dict>
			<key>isa</key>
			<string>PBXFileReference</string>
			<key>explicitFileType</key>
			<string>wrapper.application</string>
			<key>includeInIndex</key>
			<false/>
			<key>path</key>
			<string>CoverageHost.app</string>
			<key>sourceTree</key>
			<string>BUILT_PRODUCTS_DIR</string>
		</dict>
		<key>93901C6F69D74A1D9CE87CB4</key>
		<dict>
			<key>isa</key>
			<string>PBXFileReference</string>
			<key>lastKnownFileType</key>
			<string>sourcecode.c.objc</string>
			<key>path</key>
			<string>CoverageHostTest.m</string>
			<key>sourceTree</key>
			<string>&lt;group&gt;</string>
		</dict>
		<key>80693C2D2CE14EB4A2FF4A06</key>
		<dict>
			<key>isa</key>
			<string>PBXFileReference</string>
			<key>lastKnownFileType</key>
			<string>text.plist.xml</string>
			<key>path</key>
			<string>CoverageHostTests-Info.plist</string>
			<key>sourceTree</key>
			<string>&lt;group&gt;</string>
		</dict>
		<key>1486ED61E01F459EB8CF4DB9</key>
		<dict>
			<key>isa</key>
			<string>PBXFileReference</string>
			<key>explicitFileType</key>
			<string>wrapper.cfbundle</string>
			<key>includeInIndex</key>
			<false/>
			<key>path</key>
			<string>CoverageHostTests.xctest</string>
			<key>sourceTree</key>
			<string>BUILT_PRODUCTS_DIR</string>
		</dict>
		<key>38990609891946E085984EB7</key>
		<dict>
			<key>isa</key>
			<string>PBXFileReference</string>
			<key>lastKnownFileType</key>
			<string>wrapper.framework</string>
			<key>name</key>
			<string>XCTest.framework</string>
			<key>path</key>
			<string>/Library/Frameworks/XCTest.framework</string>
			<key>sourceTree</key>
			<string>&lt;absolute&gt;</string>
		</dict>
		<key>7E3D80D576294D7A972AA798</key>
		<dict>
			<key>isa</key>
			<string>PBXFileReference</string>
			<key>lastKnownFileType</key>
			<string>wrapper.framework</string>
			<key>name</key>
			<string>AIUtilities.framework</string>
			<key>path</key>
			<string>../../build/DerivedData/Build/Products/Debug/AIUtilities.framework</string>
			<key>sourceTree</key>
			<string>SOURCE_ROOT</string>
		</dict>
		<key>A6872B71DC274099924A990C</key>
		<dict>
			<key>isa</key>
			<string>PBXFileReference</string>
			<key>lastKnownFileType</key>
			<string>wrapper.framework</string>
			<key>name</key>
			<string>Cocoa.framework</string>
			<key>path</key>
			<string>/System/Library/Frameworks/Cocoa.framework</string>
			<key>sourceTree</key>
			<string>&lt;absolute&gt;</string>
		</dict>
		<key>2B9FE7D2B98E43B9BD10CBA9</key>
		<dict>
			<key>isa</key>
			<string>PBXSourcesBuildPhase</string>
			<key>buildActionMask</key>
			<integer>2147483647</integer>
			<key>files</key>
			<array>
				<string>5762002DD4954075A00D66F7</string>
			</array>
			<key>runOnlyForDeploymentPostprocessing</key>
			<false/>
		</dict>
		<key>454A40238D114983A16DB8CF</key>
		<dict>
			<key>isa</key>
			<string>PBXFrameworksBuildPhase</string>
			<key>buildActionMask</key>
			<integer>2147483647</integer>
			<key>files</key>
			<array>
				<string>EA0FC32A9A954A2C81856CC7</string>
			</array>
			<key>runOnlyForDeploymentPostprocessing</key>
			<false/>
		</dict>
		<key>33F5B6FAA26043899D77A0ED</key>
		<dict>
			<key>isa</key>
			<string>PBXCopyFilesBuildPhase</string>
			<key>buildActionMask</key>
			<integer>2147483647</integer>
			<key>dstPath</key>
			<string></string>
			<key>dstSubfolderSpec</key>
			<integer>10</integer>
			<key>files</key>
			<array>
				<string>09A8DC33D36D4BEE8E808E68</string>
			</array>
			<key>name</key>
			<string>Copy Frameworks</string>
			<key>runOnlyForDeploymentPostprocessing</key>
			<false/>
		</dict>
		<key>3E54837FD1FC4EA29B021B3F</key>
		<dict>
			<key>isa</key>
			<string>PBXSourcesBuildPhase</string>
			<key>buildActionMask</key>
			<integer>2147483647</integer>
			<key>files</key>
			<array>
				<string>4894935ED79E4CD1B9F9139D</string>
			</array>
			<key>runOnlyForDeploymentPostprocessing</key>
			<false/>
		</dict>
		<key>FB04AD6D82404C7FAA736458</key>
		<dict>
			<key>isa</key>
			<string>PBXFrameworksBuildPhase</string>
			<key>buildActionMask</key>
			<integer>2147483647</integer>
			<key>files</key>
			<array>
				<string>253844241C60489DA72505DE</string>
				<string>FBE4FCBCF68D4CDDA65EB5BD</string>
			</array>
			<key>runOnlyForDeploymentPostprocessing</key>
			<false/>
		</dict>
		<key>5762002DD4954075A00D66F7</key>
		<dict>
			<key>isa</key>
			<string>PBXBuildFile</string>
			<key>fileRef</key>
			<string>55DC4FA5F8F4485594FF3DB9</string>
		</dict>
		<key>4894935ED79E4CD1B9F9139D</key>
		<dict>
			<key>isa</key>
			<string>PBXBuildFile</string>
			<key>fileRef</key>
			<string>93901C6F69D74A1D9CE87CB4</string>
		</dict>
		<key>253844241C60489DA72505DE</key>
		<dict>
			<key>isa</key>
			<string>PBXBuildFile</string>
			<key>fileRef</key>
			<string>38990609891946E085984EB7</string>
		</dict>
		<key>FBE4FCBCF68D4CDDA65EB5BD</key>
		<dict>
			<key>isa</key>
			<string>PBXBuildFile</string>
			<key>fileRef</key>
			<string>7E3D80D576294D7A972AA798</string>
		</dict>
		<key>EA0FC32A9A954A2C81856CC7</key>
		<dict>
			<key>isa</key>
			<string>PBXBuildFile</string>
			<key>fileRef</key>
			<string>A6872B71DC274099924A990C</string>
		</dict>
		<key>815C3390C7CE482DBC8BAE16</key>
		<dict>
			<key>isa</key>
			<string>PBXTargetDependency</string>
			<key>target</key>
			<string>75B9CD8D29C545CBBD1B5E82</string>
		</dict>
		<key>75B9CD8D29C545CBBD1B5E82</key>
		<dict>
			<key>isa</key>
			<string>PBXNativeTarget</string>
			<key>buildConfigurationList</key>
			<string>97314C7C475145B895EBBA54</string>
			<key>buildPhases</key>
			<array>
				<string>2B9FE7D2B98E43B9BD10CBA9</string>
				<string>454A40238D114983A16DB8CF</string>
			</array>
			<key>buildRules</key>
			<array/>
			<key>dependencies</key>
			<array/>
			<key>name</key>
			<string>CoverageHost</string>
			<key>productName</key>
			<string>CoverageHost</string>
			<key>productReference</key>
			<string>10345211B25840C1B2CED382</string>
			<key>productType</key>
			<string>com.apple.product-type.application</string>
		</dict>
		<key>F7C4C413E7EA48DAAAD7778C</key>
		<dict>
			<key>isa</key>
			<string>PBXNativeTarget</string>
			<key>buildConfigurationList</key>
			<string>F21D24FE74D44330A4BC1A2C</string>
			<key>buildPhases</key>
			<array>
				<string>3E54837FD1FC4EA29B021B3F</string>
				<string>FB04AD6D82404C7FAA736458</string>
			</array>
			<key>buildRules</key>
			<array/>
			<key>dependencies</key>
			<array>
				<string>815C3390C7CE482DBC8BAE16</string>
			</array>
			<key>name</key>
			<string>CoverageHostTests</string>
			<key>productName</key>
			<string>CoverageHostTests</string>
			<key>productReference</key>
			<string>1486ED61E01F459EB8CF4DB9</string>
			<key>productType</key>
			<string>com.apple.product-type.bundle.unit-test</string>
		</dict>
		<key>23754E4BEE3448F2AD9FC447</key>
		<dict>
			<key>isa</key>
			<string>XCBuildConfiguration</string>
			<key>buildSettings</key>
			<dict>
				<key>ALWAYS_SEARCH_USER_PATHS</key>
				<string>NO</string>
				<key>CLANG_ENABLE_OBJC_ARC</key>
				<string>YES</string>
				<key>CLANG_ENABLE_OBJC_WEAK</key>
				<string>YES</string>
				<key>COPY_PHASE_STRIP</key>
				<string>NO</string>
				<key>DEBUG_INFORMATION_FORMAT</key>
				<string>dwarf</string>
				<key>ENABLE_STRICT_OBJC_MSGSEND</key>
				<string>YES</string>
				<key>ENABLE_TESTABILITY</key>
				<string>YES</string>
				<key>GCC_NO_COMMON_BLOCKS</key>
				<string>YES</string>
				<key>GCC_OPTIMIZATION_LEVEL</key>
				<string>0</string>
				<key>MACOSX_DEPLOYMENT_TARGET</key>
				<string>11.0</string>
				<key>ONLY_ACTIVE_ARCH</key>
				<string>YES</string>
				<key>PRODUCT_NAME</key>
				<string>$(TARGET_NAME)</string>
				<key>SDKROOT</key>
				<string>macosx</string>
			</dict>
			<key>name</key>
			<string>Debug</string>
		</dict>
		<key>D803CD2E4CF3450FB7334120</key>
		<dict>
			<key>isa</key>
			<string>XCBuildConfiguration</string>
			<key>buildSettings</key>
			<dict>
				<key>ALWAYS_SEARCH_USER_PATHS</key>
				<string>NO</string>
				<key>CLANG_ENABLE_OBJC_ARC</key>
				<string>YES</string>
				<key>CLANG_ENABLE_OBJC_WEAK</key>
				<string>YES</string>
				<key>COPY_PHASE_STRIP</key>
				<string>YES</string>
				<key>DEBUG_INFORMATION_FORMAT</key>
				<string>dwarf-with-dsym</string>
				<key>ENABLE_STRICT_OBJC_MSGSEND</key>
				<string>YES</string>
				<key>ENABLE_TESTABILITY</key>
				<string>YES</string>
				<key>GCC_NO_COMMON_BLOCKS</key>
				<string>YES</string>
				<key>GCC_OPTIMIZATION_LEVEL</key>
				<string>s</string>
				<key>MACOSX_DEPLOYMENT_TARGET</key>
				<string>11.0</string>
				<key>PRODUCT_NAME</key>
				<string>$(TARGET_NAME)</string>
				<key>SDKROOT</key>
				<string>macosx</string>
			</dict>
			<key>name</key>
			<string>Release</string>
		</dict>
		<key>475391BD7F724F2099009BA8</key>
		<dict>
			<key>isa</key>
			<string>XCBuildConfiguration</string>
			<key>buildSettings</key>
			<dict>
				<key>CLANG_ENABLE_OBJC_ARC</key>
				<string>YES</string>
				<key>CLANG_ENABLE_OBJC_WEAK</key>
				<string>YES</string>
				<key>CODE_SIGNING_ALLOWED</key>
				<string>NO</string>
				<key>COMBINE_HIDPI_IMAGES</key>
				<string>YES</string>
				<key>FRAMEWORK_SEARCH_PATHS</key>
				<array>
					<string>$(inherited)</string>
					<string>$(SRCROOT)/../../build/DerivedData/Build/Products/Debug</string>
				</array>
				<key>INFOPLIST_FILE</key>
				<string>CoverageHost-Info.plist</string>
				<key>LD_RUNPATH_SEARCH_PATHS</key>
				<array>
					<string>@executable_path/../Frameworks</string>
					<string>$(FRAMEWORK_SEARCH_PATHS)</string>
				</array>
				<key>PRODUCT_BUNDLE_IDENTIFIER</key>
				<string>com.github.phaedrus1992.adiumY.CoverageHost</string>
				<key>PRODUCT_NAME</key>
				<string>$(TARGET_NAME)</string>
				<key>SDKROOT</key>
				<string>macosx</string>
			</dict>
			<key>name</key>
			<string>Debug</string>
		</dict>
		<key>ABC5FCBF481E48F4BFD182A1</key>
		<dict>
			<key>isa</key>
			<string>XCBuildConfiguration</string>
			<key>buildSettings</key>
			<dict>
				<key>CLANG_ENABLE_OBJC_ARC</key>
				<string>YES</string>
				<key>CLANG_ENABLE_OBJC_WEAK</key>
				<string>YES</string>
				<key>CODE_SIGNING_ALLOWED</key>
				<string>NO</string>
				<key>COMBINE_HIDPI_IMAGES</key>
				<string>YES</string>
				<key>FRAMEWORK_SEARCH_PATHS</key>
				<array>
					<string>$(inherited)</string>
					<string>$(SRCROOT)/../../build/DerivedData/Build/Products/Debug</string>
				</array>
				<key>INFOPLIST_FILE</key>
				<string>CoverageHost-Info.plist</string>
				<key>LD_RUNPATH_SEARCH_PATHS</key>
				<array>
					<string>@executable_path/../Frameworks</string>
					<string>$(FRAMEWORK_SEARCH_PATHS)</string>
				</array>
				<key>PRODUCT_BUNDLE_IDENTIFIER</key>
				<string>com.github.phaedrus1992.adiumY.CoverageHost</string>
				<key>PRODUCT_NAME</key>
				<string>$(TARGET_NAME)</string>
				<key>SDKROOT</key>
				<string>macosx</string>
			</dict>
			<key>name</key>
			<string>Release</string>
		</dict>
		<key>ADAD0A8BE6604C6580765A88</key>
		<dict>
			<key>isa</key>
			<string>XCBuildConfiguration</string>
			<key>buildSettings</key>
			<dict>
				<key>BUNDLE_LOADER</key>
				<string>$(TEST_HOST)</string>
				<key>CLANG_ENABLE_OBJC_ARC</key>
				<string>YES</string>
				<key>CLANG_ENABLE_OBJC_WEAK</key>
				<string>YES</string>
				<key>CODE_SIGNING_ALLOWED</key>
				<string>NO</string>
				<key>COMBINE_HIDPI_IMAGES</key>
				<string>YES</string>
				<key>FRAMEWORK_SEARCH_PATHS</key>
				<array>
					<string>$(inherited)</string>
					<string>$(SRCROOT)/../../build/DerivedData/Build/Products/Debug</string>
				</array>
				<key>GCC_PREFIX_HEADER</key>
				<string></string>
				<key>INFOPLIST_FILE</key>
				<string>CoverageHostTests-Info.plist</string>
				<key>INSTALL_PATH</key>
				<string>$(LOCAL_LIBRARY_DIR)/Bundles</string>
				<key>LD_RUNPATH_SEARCH_PATHS</key>
				<array>
					<string>@loader_path/../Frameworks</string>
					<string>$(FRAMEWORK_SEARCH_PATHS)</string>
				</array>
				<key>PRODUCT_BUNDLE_IDENTIFIER</key>
				<string>com.github.phaedrus1992.adiumY.CoverageHostTests</string>
				<key>PRODUCT_NAME</key>
				<string>$(TARGET_NAME)</string>
				<key>SDKROOT</key>
				<string>macosx</string>
				<key>TEST_HOST</key>
				<string>$(BUILT_PRODUCTS_DIR)/CoverageHost.app/Contents/MacOS/CoverageHost</string>
				<key>WRAPPER_EXTENSION</key>
				<string>xctest</string>
			</dict>
			<key>name</key>
			<string>Debug</string>
		</dict>
		<key>677B4CECCAB3442097106611</key>
		<dict>
			<key>isa</key>
			<string>XCBuildConfiguration</string>
			<key>buildSettings</key>
			<dict>
				<key>BUNDLE_LOADER</key>
				<string>$(TEST_HOST)</string>
				<key>CLANG_ENABLE_OBJC_ARC</key>
				<string>YES</string>
				<key>CLANG_ENABLE_OBJC_WEAK</key>
				<string>YES</string>
				<key>CODE_SIGNING_ALLOWED</key>
				<string>NO</string>
				<key>COMBINE_HIDPI_IMAGES</key>
				<string>YES</string>
				<key>FRAMEWORK_SEARCH_PATHS</key>
				<array>
					<string>$(inherited)</string>
					<string>$(SRCROOT)/../../build/DerivedData/Build/Products/Debug</string>
				</array>
				<key>GCC_PREFIX_HEADER</key>
				<string></string>
				<key>INFOPLIST_FILE</key>
				<string>CoverageHostTests-Info.plist</string>
				<key>INSTALL_PATH</key>
				<string>$(LOCAL_LIBRARY_DIR)/Bundles</string>
				<key>LD_RUNPATH_SEARCH_PATHS</key>
				<array>
					<string>@loader_path/../Frameworks</string>
					<string>$(FRAMEWORK_SEARCH_PATHS)</string>
				</array>
				<key>PRODUCT_BUNDLE_IDENTIFIER</key>
				<string>com.github.phaedrus1992.adiumY.CoverageHostTests</string>
				<key>PRODUCT_NAME</key>
				<string>$(TARGET_NAME)</string>
				<key>SDKROOT</key>
				<string>macosx</string>
				<key>TEST_HOST</key>
				<string>$(BUILT_PRODUCTS_DIR)/CoverageHost.app/Contents/MacOS/CoverageHost</string>
				<key>WRAPPER_EXTENSION</key>
				<string>xctest</string>
			</dict>
			<key>name</key>
			<string>Release</string>
		</dict>
		<key>B5959798158A4534B61D7810</key>
		<dict>
			<key>isa</key>
			<string>XCConfigurationList</string>
			<key>buildConfigurations</key>
			<array>
				<string>23754E4BEE3448F2AD9FC447</string>
				<string>D803CD2E4CF3450FB7334120</string>
			</array>
			<key>defaultConfigurationIsVisible</key>
			<false/>
			<key>defaultConfigurationName</key>
			<string>Debug</string>
		</dict>
		<key>97314C7C475145B895EBBA54</key>
		<dict>
			<key>isa</key>
			<string>XCConfigurationList</string>
			<key>buildConfigurations</key>
			<array>
				<string>475391BD7F724F2099009BA8</string>
				<string>ABC5FCBF481E48F4BFD182A1</string>
			</array>
			<key>defaultConfigurationIsVisible</key>
			<false/>
			<key>defaultConfigurationName</key>
			<string>Debug</string>
		</dict>
		<key>F21D24FE74D44330A4BC1A2C</key>
		<dict>
			<key>isa</key>
			<string>XCConfigurationList</string>
			<key>buildConfigurations</key>
			<array>
				<string>ADAD0A8BE6604C6580765A88</string>
				<string>677B4CECCAB3442097106611</string>
			</array>
			<key>defaultConfigurationIsVisible</key>
			<false/>
			<key>defaultConfigurationName</key>
			<string>Debug</string>
		</dict>
	</dict>
	<key>rootObject</key>
	<string>5D9D3893CEC5495EA60083AC</string>
</dict>
</plist>
